
Microsoft Visual Studio Solution File, Format Version 12.00
# Visual Studio Version 17
VisualStudioVersion = 17.5.002.0
MinimumVisualStudioVersion = 10.0.40219.1
Project("{9A19103F-16F7-4668-BE54-9A1E7A4F7556}") = "minimax", "minimax.csproj", "{0AD12ED8-8FBB-4EF6-8FC0-849DCA12944C}"
EndProject
Global
	GlobalSection(SolutionConfigurationPlatforms) = preSolution
		Debug|Any CPU = Debug|Any CPU
		Release|Any CPU = Release|Any CPU
	EndGlobalSection
	GlobalSection(ProjectConfigurationPlatforms) = postSolution
		{0AD12ED8-8FBB-4EF6-8FC0-849DCA12944C}.Debug|Any CPU.ActiveCfg = Debug|Any CPU
		{0AD12ED8-8FBB-4EF6-8FC0-849DCA12944C}.Debug|Any CPU.Build.0 = Debug|Any CPU
		{0AD12ED8-8FBB-4EF6-8FC0-849DCA12944C}.Release|Any CPU.ActiveCfg = Release|Any CPU
		{0AD12ED8-8FBB-4EF6-8FC0-849DCA12944C}.Release|Any CPU.Build.0 = Release|Any CPU
	EndGlobalSection
	GlobalSection(SolutionProperties) = preSolution
		HideSolutionNode = FALSE
	EndGlobalSection
	GlobalSection(ExtensibilityGlobals) = postSolution
		SolutionGuid = {D83A4672-DBA2-49F9-B16E-0864D1488A02}
	EndGlobalSection
EndGlobal
